
Microsoft Visual Studio Solution File, Format Version 12.00
# Visual Studio Version 17
VisualStudioVersion = 17.7.34009.444
MinimumVisualStudioVersion = 10.0.40219.1
Project("{9A19103F-16F7-4668-BE54-9A1E7A4F7556}") = "EFCoreOwnedEntitiesError", "EFCoreOwnedEntitiesError\EFCoreOwnedEntitiesError.csproj", "{2792D0E7-C5D8-4892-83F4-B8707B7C6CD5}"
EndProject
Global
	GlobalSection(SolutionConfigurationPlatforms) = preSolution
		Debug|Any CPU = Debug|Any CPU
		Release|Any CPU = Release|Any CPU
	EndGlobalSection
	GlobalSection(ProjectConfigurationPlatforms) = postSolution
		{2792D0E7-C5D8-4892-83F4-B8707B7C6CD5}.Debug|Any CPU.ActiveCfg = Debug|Any CPU
		{2792D0E7-C5D8-4892-83F4-B8707B7C6CD5}.Debug|Any CPU.Build.0 = Debug|Any CPU
		{2792D0E7-C5D8-4892-83F4-B8707B7C6CD5}.Release|Any CPU.ActiveCfg = Release|Any CPU
		{2792D0E7-C5D8-4892-83F4-B8707B7C6CD5}.Release|Any CPU.Build.0 = Release|Any CPU
	EndGlobalSection
	GlobalSection(SolutionProperties) = preSolution
		HideSolutionNode = FALSE
	EndGlobalSection
	GlobalSection(ExtensibilityGlobals) = postSolution
		SolutionGuid = {F1B58745-5F7B-41A5-9DAE-D20FA351C8D0}
	EndGlobalSection
EndGlobal
